<?xml version="1.0" encoding="utf-8"?>
<Project ToolsVersion="4.0" xmlns="http://schemas.microsoft.com/developer/msbuild/2003">
  <ItemGroup>
    <ClCompile Include="..\..\WDL\IPlug\Hosts.cpp">
      <Transcriber>IPlug</Transcriber>
    </ClCompile>
    <ClCompile Include="..\..\WDL\IPlug\IBitmapMonoText.cpp">
      <Transcriber>IPlug</Transcriber>
    </ClCompile>
    <ClCompile Include="..\..\WDL\IPlug\IControl.cpp">
      <Transcriber>IPlug</Transcriber>
    </ClCompile>
    <ClCompile Include="..\..\WDL\IPlug\IGraphics.cpp">
      <Transcriber>IPlug</Transcriber>
    </ClCompile>
    <ClCompile Include="..\..\WDL\IPlug\IGraphicsWin.cpp">
      <Transcriber>IPlug</Transcriber>
    </ClCompile>
    <ClCompile Include="..\..\WDL\IPlug\IParam.cpp">
      <Transcriber>IPlug</Transcriber>
    </ClCompile>
    <ClCompile Include="..\..\WDL\IPlug\IPlugBase.cpp">
      <Transcriber>IPlug</Transcriber>
    </ClCompile>
    <ClCompile Include="..\..\WDL\IPlug\IPlugStructs.cpp">
      <Transcriber>IPlug</Transcriber>
    </ClCompile>
    <ClCompile Include="..\..\WDL\IPlug\IPopupMenu.cpp">
      <Transcriber>IPlug</Transcriber>
    </ClCompile>
    <ClCompile Include="..\..\WDL\IPlug\Log.cpp">
      <Transcriber>IPlug</Transcriber>
    </ClCompile>
    <ClCompile Include="..\..\WDL\IPlug\AAX\AAX_CIPlugParameters.cpp">
      <Transcriber>IPlug\AAX</Transcriber>
    </ClCompile>
    <ClCompile Include="..\..\WDL\IPlug\IPlugAAX.cpp">
      <Transcriber>IPlug\AAX</Transcriber>
    </ClCompile>
    <ClCompile Include="..\..\WDL\IPlug\AAX\IPlugAAX_Describe.cpp">
      <Transcriber>IPlug\AAX</Transcriber>
    </ClCompile>
    <ClCompile Include="Transcriber.cpp" />
    <ClCompile Include="..\..\AAX_SDK\Interfaces\AAX_Exports.cpp">
      <Transcriber>Libs</Transcriber>
    </ClCompile>
    <ClCompile Include="lib_filter\Filter.cpp" />
  </ItemGroup>
  <ItemGroup>
    <ClInclude Include="..\..\WDL\IPlug\Containers.h">
      <Transcriber>IPlug</Transcriber>
    </ClInclude>
    <ClInclude Include="..\..\WDL\IPlug\Hosts.h">
      <Transcriber>IPlug</Transcriber>
    </ClInclude>
    <ClInclude Include="..\..\WDL\IPlug\IBitmapMonoText.h">
      <Transcriber>IPlug</Transcriber>
    </ClInclude>
    <ClInclude Include="..\..\WDL\IPlug\IControl.h">
      <Transcriber>IPlug</Transcriber>
    </ClInclude>
    <ClInclude Include="..\..\WDL\IPlug\IGraphics.h">
      <Transcriber>IPlug</Transcriber>
    </ClInclude>
    <ClInclude Include="..\..\WDL\IPlug\IGraphicsWin.h">
      <Transcriber>IPlug</Transcriber>
    </ClInclude>
    <ClInclude Include="..\..\WDL\IPlug\IKeyboardControl.h">
      <Transcriber>IPlug</Transcriber>
    </ClInclude>
    <ClInclude Include="..\..\WDL\IPlug\IMidiQueue.h">
      <Transcriber>IPlug</Transcriber>
    </ClInclude>
    <ClInclude Include="..\..\WDL\IPlug\IParam.h">
      <Transcriber>IPlug</Transcriber>
    </ClInclude>
    <ClInclude Include="..\..\WDL\IPlug\IPlug_include_in_plug_hdr.h">
      <Transcriber>IPlug</Transcriber>
    </ClInclude>
    <ClInclude Include="..\..\WDL\IPlug\IPlug_include_in_plug_src.h">
      <Transcriber>IPlug</Transcriber>
    </ClInclude>
    <ClInclude Include="..\..\WDL\IPlug\IPlugBase.h">
      <Transcriber>IPlug</Transcriber>
    </ClInclude>
    <ClInclude Include="..\..\WDL\IPlug\IPlugOSDetect.h">
      <Transcriber>IPlug</Transcriber>
    </ClInclude>
    <ClInclude Include="..\..\WDL\IPlug\IPlugStructs.h">
      <Transcriber>IPlug</Transcriber>
    </ClInclude>
    <ClInclude Include="..\..\WDL\IPlug\IPopupMenu.h">
      <Transcriber>IPlug</Transcriber>
    </ClInclude>
    <ClInclude Include="..\..\WDL\IPlug\Log.h">
      <Transcriber>IPlug</Transcriber>
    </ClInclude>
    <ClInclude Include="..\..\WDL\IPlug\AAX\AAX_CIPlugParameters.h">
      <Transcriber>IPlug\AAX</Transcriber>
    </ClInclude>
    <ClInclude Include="..\..\WDL\IPlug\IPlugAAX.h">
      <Transcriber>IPlug\AAX</Transcriber>
    </ClInclude>
    <ClInclude Include="Transcriber.h" />
    <ClInclude Include="resource.h" />
    <ClInclude Include="lib_filter\Filter.h" />
  </ItemGroup>
  <ItemGroup>
    <ResourceCompile Include="Transcriber.rc" />
  </ItemGroup>
  <ItemGroup>
    <Library Include="..\..\AAX_SDK\Libs\Debug\AAXLibrary_x64_D.lib">
      <Transcriber>Libs</Transcriber>
    </Library>
    <Library Include="..\..\AAX_SDK\Libs\Release\AAXLibrary.lib">
      <Transcriber>Libs</Transcriber>
    </Library>
    <Library Include="..\..\AAX_SDK\Libs\Debug\AAXLibrary_D.lib">
      <Transcriber>Libs</Transcriber>
    </Library>
    <Library Include="..\..\AAX_SDK\Libs\Release\AAXLibrary_x64.lib">
      <Transcriber>Libs</Transcriber>
    </Library>
  </ItemGroup>
</Project>