<?xml version="1.0" encoding="utf-8"?>
<Project ToolsVersion="4.0" xmlns="http://schemas.microsoft.com/developer/msbuild/2003">
  <ItemGroup>
    <ClCompile Include="Transcriber.cpp" />
    <ClCompile Include="..\..\VST3_SDK\pluginterfaces\base\funknown.cpp">
      <Transcriber>vst3\VST3SDK\pluginterfaces\base</Transcriber>
    </ClCompile>
    <ClCompile Include="..\..\VST3_SDK\pluginterfaces\base\ustring.cpp">
      <Transcriber>vst3\VST3SDK\pluginterfaces\base</Transcriber>
    </ClCompile>
    <ClCompile Include="..\..\VST3_SDK\public.sdk\source\common\pluginview.cpp">
      <Transcriber>vst3\VST3SDK\public.sdk\common</Transcriber>
    </ClCompile>
    <ClCompile Include="..\..\VST3_SDK\public.sdk\source\vst\vstaudioeffect.cpp">
      <Transcriber>vst3\VST3SDK\public.sdk\vst</Transcriber>
    </ClCompile>
    <ClCompile Include="..\..\VST3_SDK\public.sdk\source\vst\vstbus.cpp">
      <Transcriber>vst3\VST3SDK\public.sdk\vst</Transcriber>
    </ClCompile>
    <ClCompile Include="..\..\VST3_SDK\public.sdk\source\vst\vstcomponent.cpp">
      <Transcriber>vst3\VST3SDK\public.sdk\vst</Transcriber>
    </ClCompile>
    <ClCompile Include="..\..\VST3_SDK\public.sdk\source\vst\vstcomponentbase.cpp">
      <Transcriber>vst3\VST3SDK\public.sdk\vst</Transcriber>
    </ClCompile>
    <ClCompile Include="..\..\VST3_SDK\public.sdk\source\vst\vstinitiids.cpp">
      <Transcriber>vst3\VST3SDK\public.sdk\vst</Transcriber>
    </ClCompile>
    <ClCompile Include="..\..\VST3_SDK\public.sdk\source\vst\vstparameters.cpp">
      <Transcriber>vst3\VST3SDK\public.sdk\vst</Transcriber>
    </ClCompile>
    <ClCompile Include="..\..\VST3_SDK\public.sdk\source\main\dllmain.cpp">
      <Transcriber>vst3\VST3SDK\public.sdk\main</Transcriber>
    </ClCompile>
    <ClCompile Include="..\..\VST3_SDK\public.sdk\source\main\pluginfactoryvst3.cpp">
      <Transcriber>vst3\VST3SDK\public.sdk\main</Transcriber>
    </ClCompile>
    <ClCompile Include="..\..\VST3_SDK\public.sdk\source\vst\vstsinglecomponenteffect.cpp">
      <Transcriber>vst3\VST3SDK\public.sdk\vst</Transcriber>
    </ClCompile>
    <ClCompile Include="..\..\WDL\IPlug\IPlugVST3.cpp">
      <Transcriber>vst3</Transcriber>
    </ClCompile>
    <ClCompile Include="lib_filter\Filter.cpp" />
  </ItemGroup>
  <ItemGroup>
    <ClInclude Include="Transcriber.h" />
    <ClInclude Include="resource.h" />
    <ClInclude Include="..\..\VST3_SDK\pluginterfaces\base\falignpop.h">
      <Transcriber>vst3\VST3SDK\pluginterfaces\base</Transcriber>
    </ClInclude>
    <ClInclude Include="..\..\VST3_SDK\pluginterfaces\base\falignpush.h">
      <Transcriber>vst3\VST3SDK\pluginterfaces\base</Transcriber>
    </ClInclude>
    <ClInclude Include="..\..\VST3_SDK\pluginterfaces\base\fplatform.h">
      <Transcriber>vst3\VST3SDK\pluginterfaces\base</Transcriber>
    </ClInclude>
    <ClInclude Include="..\..\VST3_SDK\pluginterfaces\base\ftypes.h">
      <Transcriber>vst3\VST3SDK\pluginterfaces\base</Transcriber>
    </ClInclude>
    <ClInclude Include="..\..\VST3_SDK\pluginterfaces\base\funknown.h">
      <Transcriber>vst3\VST3SDK\pluginterfaces\base</Transcriber>
    </ClInclude>
    <ClInclude Include="..\..\VST3_SDK\pluginterfaces\base\ipluginbase.h">
      <Transcriber>vst3\VST3SDK\pluginterfaces\base</Transcriber>
    </ClInclude>
    <ClInclude Include="..\..\VST3_SDK\pluginterfaces\base\keycodes.h">
      <Transcriber>vst3\VST3SDK\pluginterfaces\base</Transcriber>
    </ClInclude>
    <ClInclude Include="..\..\VST3_SDK\pluginterfaces\base\ustring.h">
      <Transcriber>vst3\VST3SDK\pluginterfaces\base</Transcriber>
    </ClInclude>
    <ClInclude Include="..\..\VST3_SDK\pluginterfaces\vst\ivstattributes.h">
      <Transcriber>vst3\VST3SDK\pluginterfaces\vst</Transcriber>
    </ClInclude>
    <ClInclude Include="..\..\VST3_SDK\pluginterfaces\vst\ivstaudioprocessor.h">
      <Transcriber>vst3\VST3SDK\pluginterfaces\vst</Transcriber>
    </ClInclude>
    <ClInclude Include="..\..\VST3_SDK\pluginterfaces\vst\ivstcomponent.h">
      <Transcriber>vst3\VST3SDK\pluginterfaces\vst</Transcriber>
    </ClInclude>
    <ClInclude Include="..\..\VST3_SDK\pluginterfaces\vst\ivsteditcontroller.h">
      <Transcriber>vst3\VST3SDK\pluginterfaces\vst</Transcriber>
    </ClInclude>
    <ClInclude Include="..\..\VST3_SDK\pluginterfaces\vst\ivstevents.h">
      <Transcriber>vst3\VST3SDK\pluginterfaces\vst</Transcriber>
    </ClInclude>
    <ClInclude Include="..\..\VST3_SDK\pluginterfaces\vst\ivsthostapplication.h">
      <Transcriber>vst3\VST3SDK\pluginterfaces\vst</Transcriber>
    </ClInclude>
    <ClInclude Include="..\..\VST3_SDK\pluginterfaces\vst\ivstmessage.h">
      <Transcriber>vst3\VST3SDK\pluginterfaces\vst</Transcriber>
    </ClInclude>
    <ClInclude Include="..\..\VST3_SDK\pluginterfaces\vst\ivstmidicontrollers.h">
      <Transcriber>vst3\VST3SDK\pluginterfaces\vst</Transcriber>
    </ClInclude>
    <ClInclude Include="..\..\VST3_SDK\pluginterfaces\vst\ivstparameterchanges.h">
      <Transcriber>vst3\VST3SDK\pluginterfaces\vst</Transcriber>
    </ClInclude>
    <ClInclude Include="..\..\VST3_SDK\pluginterfaces\vst\ivstprocesscontext.h">
      <Transcriber>vst3\VST3SDK\pluginterfaces\vst</Transcriber>
    </ClInclude>
    <ClInclude Include="..\..\VST3_SDK\pluginterfaces\vst\ivstunits.h">
      <Transcriber>vst3\VST3SDK\pluginterfaces\vst</Transcriber>
    </ClInclude>
    <ClInclude Include="..\..\VST3_SDK\pluginterfaces\vst\vstpresetkeys.h">
      <Transcriber>vst3\VST3SDK\pluginterfaces\vst</Transcriber>
    </ClInclude>
    <ClInclude Include="..\..\VST3_SDK\pluginterfaces\vst\vsttypes.h">
      <Transcriber>vst3\VST3SDK\pluginterfaces\vst</Transcriber>
    </ClInclude>
    <ClInclude Include="..\..\VST3_SDK\pluginterfaces\gui\iplugview.h">
      <Transcriber>vst3\VST3SDK\pluginterfaces\gui</Transcriber>
    </ClInclude>
    <ClInclude Include="..\..\VST3_SDK\public.sdk\source\common\pluginview.h">
      <Transcriber>vst3\VST3SDK\public.sdk\common</Transcriber>
    </ClInclude>
    <ClInclude Include="..\..\VST3_SDK\public.sdk\source\vst\vstaudioeffect.h">
      <Transcriber>vst3\VST3SDK\public.sdk\vst</Transcriber>
    </ClInclude>
    <ClInclude Include="..\..\VST3_SDK\public.sdk\source\vst\vstbus.h">
      <Transcriber>vst3\VST3SDK\public.sdk\vst</Transcriber>
    </ClInclude>
    <ClInclude Include="..\..\VST3_SDK\public.sdk\source\vst\vstcomponent.h">
      <Transcriber>vst3\VST3SDK\public.sdk\vst</Transcriber>
    </ClInclude>
    <ClInclude Include="..\..\VST3_SDK\public.sdk\source\vst\vstcomponentbase.h">
      <Transcriber>vst3\VST3SDK\public.sdk\vst</Transcriber>
    </ClInclude>
    <ClInclude Include="..\..\VST3_SDK\public.sdk\source\vst\vsteditcontroller.h">
      <Transcriber>vst3\VST3SDK\public.sdk\vst</Transcriber>
    </ClInclude>
    <ClInclude Include="..\..\VST3_SDK\public.sdk\source\vst\vstparameters.h">
      <Transcriber>vst3\VST3SDK\public.sdk\vst</Transcriber>
    </ClInclude>
    <ClInclude Include="..\..\VST3_SDK\public.sdk\source\main\pluginfactoryvst3.h">
      <Transcriber>vst3\VST3SDK\public.sdk\main</Transcriber>
    </ClInclude>
    <ClInclude Include="..\..\VST3_SDK\public.sdk\source\vst\vstsinglecomponenteffect.h">
      <Transcriber>vst3\VST3SDK\public.sdk\vst</Transcriber>
    </ClInclude>
    <ClInclude Include="..\..\WDL\IPlug\IPlugVST3.h">
      <Transcriber>vst3</Transcriber>
    </ClInclude>
    <ClInclude Include="lib_filter\Filter.h" />
  </ItemGroup>
  <ItemGroup>
    <ResourceCompile Include="Transcriber.rc" />
  </ItemGroup>
</Project>