<?xml version="1.0" encoding="utf-8"?>
<Project ToolsVersion="4.0" xmlns="http://schemas.microsoft.com/developer/msbuild/2003">
  <ItemGroup>
    <ClCompile Include="Transcriber.cpp" />
    <ClCompile Include="..\..\WDL\IPlug\IPlugVST.cpp">
      <Transcriber>vst2</Transcriber>
    </ClCompile>
    <ClCompile Include="lib_filter\Filter.cpp" />
  </ItemGroup>
  <ItemGroup>
    <ClInclude Include="Transcriber.h" />
    <ClInclude Include="resource.h" />
    <ClInclude Include="..\..\WDL\IPlug\IPlugVST.h">
      <Transcriber>vst2</Transcriber>
    </ClInclude>
    <ClInclude Include="lib_filter\Filter.h" />
  </ItemGroup>
  <ItemGroup>
    <ResourceCompile Include="Transcriber.rc" />
  </ItemGroup>
</Project>